
Microsoft Visual Studio Solution File, Format Version 12.00
# Visual Studio Express 2012 for Web
Project("{FAE04EC0-301F-11D3-BF4B-00C04F79EFBC}") = "CCM", "CCM\CCM.csproj", "{15D21DDD-EBD0-449F-9F00-677EF288ADFD}"
EndProject
Project("{FAE04EC0-301F-11D3-BF4B-00C04F79EFBC}") = "CCM.DAL", "CCM.DAL\CCM.DAL.csproj", "{922EA33B-091B-40FF-A8BE-147F4366D606}"
EndProject
Project("{FAE04EC0-301F-11D3-BF4B-00C04F79EFBC}") = "CCM.BL", "CCM.BL\CCM.BL.csproj", "{4194F6E4-D2D2-4F29-B6B5-4961E5D052D8}"
EndProject
Global
	GlobalSection(SolutionConfigurationPlatforms) = preSolution
		Debug|Any CPU = Debug|Any CPU
		Release|Any CPU = Release|Any CPU
	EndGlobalSection
	GlobalSection(ProjectConfigurationPlatforms) = postSolution
		{15D21DDD-EBD0-449F-9F00-677EF288ADFD}.Debug|Any CPU.ActiveCfg = Debug|Any CPU
		{15D21DDD-EBD0-449F-9F00-677EF288ADFD}.Debug|Any CPU.Build.0 = Debug|Any CPU
		{15D21DDD-EBD0-449F-9F00-677EF288ADFD}.Release|Any CPU.ActiveCfg = Release|Any CPU
		{15D21DDD-EBD0-449F-9F00-677EF288ADFD}.Release|Any CPU.Build.0 = Release|Any CPU
		{922EA33B-091B-40FF-A8BE-147F4366D606}.Debug|Any CPU.ActiveCfg = Debug|Any CPU
		{922EA33B-091B-40FF-A8BE-147F4366D606}.Debug|Any CPU.Build.0 = Debug|Any CPU
		{922EA33B-091B-40FF-A8BE-147F4366D606}.Release|Any CPU.ActiveCfg = Release|Any CPU
		{922EA33B-091B-40FF-A8BE-147F4366D606}.Release|Any CPU.Build.0 = Release|Any CPU
		{4194F6E4-D2D2-4F29-B6B5-4961E5D052D8}.Debug|Any CPU.ActiveCfg = Debug|Any CPU
		{4194F6E4-D2D2-4F29-B6B5-4961E5D052D8}.Debug|Any CPU.Build.0 = Debug|Any CPU
		{4194F6E4-D2D2-4F29-B6B5-4961E5D052D8}.Release|Any CPU.ActiveCfg = Release|Any CPU
		{4194F6E4-D2D2-4F29-B6B5-4961E5D052D8}.Release|Any CPU.Build.0 = Release|Any CPU
	EndGlobalSection
	GlobalSection(SolutionProperties) = preSolution
		HideSolutionNode = FALSE
	EndGlobalSection
EndGlobal
